{
  "name": "watchmyagents",
  "version": "1.0.0",
  "lockfileVersion": 3,
  "requires": true,
  "packages": {
    "": {
      "name": "watchmyagents",
      "version": "1.0.0",
      "license": "MIT",
      "bin": {
        "wma-agents": "scripts/agents.js",
        "wma-fetch": "scripts/fetch-anthropic.js",
        "wma-inspect": "scripts/inspect.js",
        "wma-service": "scripts/service.js",
        "wma-shield": "scripts/shield.js",
        "wma-signals": "scripts/signals.js",
        "wma-upload-fortress": "scripts/upload-fortress.js"
      },
      "devDependencies": {},
      "engines": {
        "node": ">=18.0.0"
      }
    }
  }
}
